
Microsoft Visual Studio Solution File, Format Version 12.00
# Visual Studio Version 16
VisualStudioVersion = 16.0.31320.298
MinimumVisualStudioVersion = 10.0.40219.1
Project("{9A19103F-16F7-4668-BE54-9A1E7A4F7556}") = "WinFormsApp1", "WinFormsApp1\WinFormsApp1.csproj", "{D5D1CC70-96C5-4389-806C-0EC0DDF5438F}"
EndProject
Global
	GlobalSection(SolutionConfigurationPlatforms) = preSolution
		Debug|Any CPU = Debug|Any CPU
		Release|Any CPU = Release|Any CPU
	EndGlobalSection
	GlobalSection(ProjectConfigurationPlatforms) = postSolution
		{D5D1CC70-96C5-4389-806C-0EC0DDF5438F}.Debug|Any CPU.ActiveCfg = Debug|Any CPU
		{D5D1CC70-96C5-4389-806C-0EC0DDF5438F}.Debug|Any CPU.Build.0 = Debug|Any CPU
		{D5D1CC70-96C5-4389-806C-0EC0DDF5438F}.Release|Any CPU.ActiveCfg = Release|Any CPU
		{D5D1CC70-96C5-4389-806C-0EC0DDF5438F}.Release|Any CPU.Build.0 = Release|Any CPU
	EndGlobalSection
	GlobalSection(SolutionProperties) = preSolution
		HideSolutionNode = FALSE
	EndGlobalSection
	GlobalSection(ExtensibilityGlobals) = postSolution
		SolutionGuid = {2196059E-0E07-4829-B6D4-6E603F2197E9}
	EndGlobalSection
EndGlobal
